
Microsoft Visual Studio Solution File, Format Version 12.00
# Visual Studio Version 17
VisualStudioVersion = 17.4.33213.308
MinimumVisualStudioVersion = 10.0.40219.1
Project("{9A19103F-16F7-4668-BE54-9A1E7A4F7556}") = "Sales.Shared", "Sales.Shared\Sales.Shared.csproj", "{551D11CA-F009-48EC-B3FA-D425C16B050E}"
EndProject
Project("{9A19103F-16F7-4668-BE54-9A1E7A4F7556}") = "Sales.API", "Sales.API\Sales.API.csproj", "{B6E09921-2837-4073-93B1-DD8ED44B82EC}"
EndProject
Project("{9A19103F-16F7-4668-BE54-9A1E7A4F7556}") = "Sales.WEB", "Sales.WEB\Sales.WEB.csproj", "{6F0A7432-2F23-4E53-919A-90D666C93713}"
EndProject
Project("{9A19103F-16F7-4668-BE54-9A1E7A4F7556}") = "Sales.Mobile", "Sales.Mobile\Sales.Mobile.csproj", "{1736D101-8187-4D84-B044-A190220F1BC7}"
EndProject
Global
	GlobalSection(SolutionConfigurationPlatforms) = preSolution
		Debug|Any CPU = Debug|Any CPU
		Release|Any CPU = Release|Any CPU
	EndGlobalSection
	GlobalSection(ProjectConfigurationPlatforms) = postSolution
		{551D11CA-F009-48EC-B3FA-D425C16B050E}.Debug|Any CPU.ActiveCfg = Debug|Any CPU
		{551D11CA-F009-48EC-B3FA-D425C16B050E}.Debug|Any CPU.Build.0 = Debug|Any CPU
		{551D11CA-F009-48EC-B3FA-D425C16B050E}.Release|Any CPU.ActiveCfg = Release|Any CPU
		{551D11CA-F009-48EC-B3FA-D425C16B050E}.Release|Any CPU.Build.0 = Release|Any CPU
		{B6E09921-2837-4073-93B1-DD8ED44B82EC}.Debug|Any CPU.ActiveCfg = Debug|Any CPU
		{B6E09921-2837-4073-93B1-DD8ED44B82EC}.Debug|Any CPU.Build.0 = Debug|Any CPU
		{B6E09921-2837-4073-93B1-DD8ED44B82EC}.Release|Any CPU.ActiveCfg = Release|Any CPU
		{B6E09921-2837-4073-93B1-DD8ED44B82EC}.Release|Any CPU.Build.0 = Release|Any CPU
		{6F0A7432-2F23-4E53-919A-90D666C93713}.Debug|Any CPU.ActiveCfg = Debug|Any CPU
		{6F0A7432-2F23-4E53-919A-90D666C93713}.Debug|Any CPU.Build.0 = Debug|Any CPU
		{6F0A7432-2F23-4E53-919A-90D666C93713}.Release|Any CPU.ActiveCfg = Release|Any CPU
		{6F0A7432-2F23-4E53-919A-90D666C93713}.Release|Any CPU.Build.0 = Release|Any CPU
		{1736D101-8187-4D84-B044-A190220F1BC7}.Debug|Any CPU.ActiveCfg = Debug|Any CPU
		{1736D101-8187-4D84-B044-A190220F1BC7}.Debug|Any CPU.Build.0 = Debug|Any CPU
		{1736D101-8187-4D84-B044-A190220F1BC7}.Debug|Any CPU.Deploy.0 = Debug|Any CPU
		{1736D101-8187-4D84-B044-A190220F1BC7}.Release|Any CPU.ActiveCfg = Release|Any CPU
		{1736D101-8187-4D84-B044-A190220F1BC7}.Release|Any CPU.Build.0 = Release|Any CPU
		{1736D101-8187-4D84-B044-A190220F1BC7}.Release|Any CPU.Deploy.0 = Release|Any CPU
	EndGlobalSection
	GlobalSection(SolutionProperties) = preSolution
		HideSolutionNode = FALSE
	EndGlobalSection
	GlobalSection(ExtensibilityGlobals) = postSolution
		SolutionGuid = {AF2DEEAC-B2E3-4FC4-802C-D8F2D2183378}
	EndGlobalSection
EndGlobal
